
Microsoft Visual Studio Solution File, Format Version 12.00
# Visual Studio Version 17
VisualStudioVersion = 17.4.33110.190
MinimumVisualStudioVersion = 10.0.40219.1
Project("{9A19103F-16F7-4668-BE54-9A1E7A4F7556}") = "DataAccess", "DataAccess\DataAccess.csproj", "{6B2FF221-939A-462A-8C66-4F41AC22DAC3}"
EndProject
Project("{9A19103F-16F7-4668-BE54-9A1E7A4F7556}") = "Entities", "Entities\Entities.csproj", "{F110A4B4-F587-4CF1-94B2-2C8901BBC090}"
EndProject
Project("{9A19103F-16F7-4668-BE54-9A1E7A4F7556}") = "Business", "Business\Business.csproj", "{62F5CF2F-8BEF-4ECD-BC76-22F7D293AA3B}"
EndProject
Project("{FAE04EC0-301F-11D3-BF4B-00C04F79EFBC}") = "WebAPI", "WebAPI\WebAPI.csproj", "{1838FB1D-113E-4B7B-B74C-E6A6674FC38E}"
EndProject
Global
	GlobalSection(SolutionConfigurationPlatforms) = preSolution
		Debug|Any CPU = Debug|Any CPU
		Release|Any CPU = Release|Any CPU
	EndGlobalSection
	GlobalSection(ProjectConfigurationPlatforms) = postSolution
		{6B2FF221-939A-462A-8C66-4F41AC22DAC3}.Debug|Any CPU.ActiveCfg = Debug|Any CPU
		{6B2FF221-939A-462A-8C66-4F41AC22DAC3}.Debug|Any CPU.Build.0 = Debug|Any CPU
		{6B2FF221-939A-462A-8C66-4F41AC22DAC3}.Release|Any CPU.ActiveCfg = Release|Any CPU
		{6B2FF221-939A-462A-8C66-4F41AC22DAC3}.Release|Any CPU.Build.0 = Release|Any CPU
		{F110A4B4-F587-4CF1-94B2-2C8901BBC090}.Debug|Any CPU.ActiveCfg = Debug|Any CPU
		{F110A4B4-F587-4CF1-94B2-2C8901BBC090}.Debug|Any CPU.Build.0 = Debug|Any CPU
		{F110A4B4-F587-4CF1-94B2-2C8901BBC090}.Release|Any CPU.ActiveCfg = Release|Any CPU
		{F110A4B4-F587-4CF1-94B2-2C8901BBC090}.Release|Any CPU.Build.0 = Release|Any CPU
		{62F5CF2F-8BEF-4ECD-BC76-22F7D293AA3B}.Debug|Any CPU.ActiveCfg = Debug|Any CPU
		{62F5CF2F-8BEF-4ECD-BC76-22F7D293AA3B}.Debug|Any CPU.Build.0 = Debug|Any CPU
		{62F5CF2F-8BEF-4ECD-BC76-22F7D293AA3B}.Release|Any CPU.ActiveCfg = Release|Any CPU
		{62F5CF2F-8BEF-4ECD-BC76-22F7D293AA3B}.Release|Any CPU.Build.0 = Release|Any CPU
		{1838FB1D-113E-4B7B-B74C-E6A6674FC38E}.Debug|Any CPU.ActiveCfg = Debug|Any CPU
		{1838FB1D-113E-4B7B-B74C-E6A6674FC38E}.Debug|Any CPU.Build.0 = Debug|Any CPU
		{1838FB1D-113E-4B7B-B74C-E6A6674FC38E}.Release|Any CPU.ActiveCfg = Release|Any CPU
		{1838FB1D-113E-4B7B-B74C-E6A6674FC38E}.Release|Any CPU.Build.0 = Release|Any CPU
	EndGlobalSection
	GlobalSection(SolutionProperties) = preSolution
		HideSolutionNode = FALSE
	EndGlobalSection
	GlobalSection(ExtensibilityGlobals) = postSolution
		SolutionGuid = {2AC9FB20-17D3-4F03-BEA0-E53961523C32}
	EndGlobalSection
EndGlobal
